
Microsoft Visual Studio Solution File, Format Version 12.00
# Visual Studio Version 16
VisualStudioVersion = 16.0.32126.315
MinimumVisualStudioVersion = 10.0.40219.1
Project("{FAE04EC0-301F-11D3-BF4B-00C04F79EFBC}") = "Chapter_1_Example_1", "Chapter_1_Example_1\Chapter_1_Example_1.csproj", "{9AE09912-12DD-4189-90D2-692AB9D1FF3C}"
EndProject
Project("{FAE04EC0-301F-11D3-BF4B-00C04F79EFBC}") = "Chapter_1_Example_2", "Chapter_1_Example_2\Chapter_1_Example_2.csproj", "{E2320495-D82C-4C94-8AEE-E825CA6DDA1D}"
EndProject
Project("{FAE04EC0-301F-11D3-BF4B-00C04F79EFBC}") = "Chapter_1_Example_3", "Chapter_1_Example_3\Chapter_1_Example_3.csproj", "{67F34EF3-67C6-4DE8-BF3D-99BF3AFBF99B}"
EndProject
Project("{FAE04EC0-301F-11D3-BF4B-00C04F79EFBC}") = "Сhapter_1_Example_4", "Сhapter_1_Example_4\Сhapter_1_Example_4.csproj", "{9CB21870-D82C-464B-9214-4590291E85D0}"
EndProject
Project("{FAE04EC0-301F-11D3-BF4B-00C04F79EFBC}") = "Сhapter_1_Example_5", "Сhapter_1_Example_5\Сhapter_1_Example_5.csproj", "{FEFF31DD-4BE0-4678-92C5-66AB71105AD7}"
EndProject
Project("{FAE04EC0-301F-11D3-BF4B-00C04F79EFBC}") = "Сhapter_1_Example_6", "Сhapter_1_Example_6\Сhapter_1_Example_6.csproj", "{ECB2EB44-2F97-497C-B0F7-14625488014E}"
EndProject
Project("{FAE04EC0-301F-11D3-BF4B-00C04F79EFBC}") = "Сhapter_1_Example_7", "Сhapter_1_Example_7\Сhapter_1_Example_7.csproj", "{DAD3F6A5-0129-40C3-AD1C-133054BBA6BC}"
EndProject
Project("{FAE04EC0-301F-11D3-BF4B-00C04F79EFBC}") = "Сhapter_1_Example_8", "Сhapter_1_Example_8\Сhapter_1_Example_8.csproj", "{1B604DC1-8BE5-4A58-98CC-31103BEA0609}"
EndProject
Global
	GlobalSection(SolutionConfigurationPlatforms) = preSolution
		Debug|Any CPU = Debug|Any CPU
		Release|Any CPU = Release|Any CPU
	EndGlobalSection
	GlobalSection(ProjectConfigurationPlatforms) = postSolution
		{9AE09912-12DD-4189-90D2-692AB9D1FF3C}.Debug|Any CPU.ActiveCfg = Debug|Any CPU
		{9AE09912-12DD-4189-90D2-692AB9D1FF3C}.Debug|Any CPU.Build.0 = Debug|Any CPU
		{9AE09912-12DD-4189-90D2-692AB9D1FF3C}.Release|Any CPU.ActiveCfg = Release|Any CPU
		{9AE09912-12DD-4189-90D2-692AB9D1FF3C}.Release|Any CPU.Build.0 = Release|Any CPU
		{E2320495-D82C-4C94-8AEE-E825CA6DDA1D}.Debug|Any CPU.ActiveCfg = Debug|Any CPU
		{E2320495-D82C-4C94-8AEE-E825CA6DDA1D}.Debug|Any CPU.Build.0 = Debug|Any CPU
		{E2320495-D82C-4C94-8AEE-E825CA6DDA1D}.Release|Any CPU.ActiveCfg = Release|Any CPU
		{E2320495-D82C-4C94-8AEE-E825CA6DDA1D}.Release|Any CPU.Build.0 = Release|Any CPU
		{67F34EF3-67C6-4DE8-BF3D-99BF3AFBF99B}.Debug|Any CPU.ActiveCfg = Debug|Any CPU
		{67F34EF3-67C6-4DE8-BF3D-99BF3AFBF99B}.Debug|Any CPU.Build.0 = Debug|Any CPU
		{67F34EF3-67C6-4DE8-BF3D-99BF3AFBF99B}.Release|Any CPU.ActiveCfg = Release|Any CPU
		{67F34EF3-67C6-4DE8-BF3D-99BF3AFBF99B}.Release|Any CPU.Build.0 = Release|Any CPU
		{9CB21870-D82C-464B-9214-4590291E85D0}.Debug|Any CPU.ActiveCfg = Debug|Any CPU
		{9CB21870-D82C-464B-9214-4590291E85D0}.Debug|Any CPU.Build.0 = Debug|Any CPU
		{9CB21870-D82C-464B-9214-4590291E85D0}.Release|Any CPU.ActiveCfg = Release|Any CPU
		{9CB21870-D82C-464B-9214-4590291E85D0}.Release|Any CPU.Build.0 = Release|Any CPU
		{FEFF31DD-4BE0-4678-92C5-66AB71105AD7}.Debug|Any CPU.ActiveCfg = Debug|Any CPU
		{FEFF31DD-4BE0-4678-92C5-66AB71105AD7}.Debug|Any CPU.Build.0 = Debug|Any CPU
		{FEFF31DD-4BE0-4678-92C5-66AB71105AD7}.Release|Any CPU.ActiveCfg = Release|Any CPU
		{FEFF31DD-4BE0-4678-92C5-66AB71105AD7}.Release|Any CPU.Build.0 = Release|Any CPU
		{ECB2EB44-2F97-497C-B0F7-14625488014E}.Debug|Any CPU.ActiveCfg = Debug|Any CPU
		{ECB2EB44-2F97-497C-B0F7-14625488014E}.Debug|Any CPU.Build.0 = Debug|Any CPU
		{ECB2EB44-2F97-497C-B0F7-14625488014E}.Release|Any CPU.ActiveCfg = Release|Any CPU
		{ECB2EB44-2F97-497C-B0F7-14625488014E}.Release|Any CPU.Build.0 = Release|Any CPU
		{DAD3F6A5-0129-40C3-AD1C-133054BBA6BC}.Debug|Any CPU.ActiveCfg = Debug|Any CPU
		{DAD3F6A5-0129-40C3-AD1C-133054BBA6BC}.Debug|Any CPU.Build.0 = Debug|Any CPU
		{DAD3F6A5-0129-40C3-AD1C-133054BBA6BC}.Release|Any CPU.ActiveCfg = Release|Any CPU
		{DAD3F6A5-0129-40C3-AD1C-133054BBA6BC}.Release|Any CPU.Build.0 = Release|Any CPU
		{1B604DC1-8BE5-4A58-98CC-31103BEA0609}.Debug|Any CPU.ActiveCfg = Debug|Any CPU
		{1B604DC1-8BE5-4A58-98CC-31103BEA0609}.Debug|Any CPU.Build.0 = Debug|Any CPU
		{1B604DC1-8BE5-4A58-98CC-31103BEA0609}.Release|Any CPU.ActiveCfg = Release|Any CPU
		{1B604DC1-8BE5-4A58-98CC-31103BEA0609}.Release|Any CPU.Build.0 = Release|Any CPU
	EndGlobalSection
	GlobalSection(SolutionProperties) = preSolution
		HideSolutionNode = FALSE
	EndGlobalSection
	GlobalSection(ExtensibilityGlobals) = postSolution
		SolutionGuid = {FD2AE895-5005-40AB-A6B9-B5D171714EC9}
	EndGlobalSection
EndGlobal
